
Microsoft Visual Studio Solution File, Format Version 11.00
# Visual Studio 2010
Project("{2150E333-8FDC-42A3-9474-1A3956D46DE8}") = ".nuget", ".nuget", "{C12F61D5-0DEB-4330-A026-67FE1A448FE4}"
	ProjectSection(SolutionItems) = preProject
		.nuget\packages.config = .nuget\packages.config
	EndProjectSection
EndProject
Project("{FAE04EC0-301F-11D3-BF4B-00C04F79EFBC}") = "KoreanPostcodeAddressConverter.Configuration", "KoreanPostcodeAddressConverter.Configuration\KoreanPostcodeAddressConverter.Configuration.csproj", "{DFA22695-BCB2-4EB2-9622-4E8AF93D7F62}"
EndProject
Project("{FAE04EC0-301F-11D3-BF4B-00C04F79EFBC}") = "KoreanPostcodeAddressConverter.Console", "KoreanPostcodeAddressConverter.Console\KoreanPostcodeAddressConverter.Console.csproj", "{FE56B5AC-6431-4919-9808-983F3F04A067}"
EndProject
Project("{FAE04EC0-301F-11D3-BF4B-00C04F79EFBC}") = "KoreanPostcodeAddressConverter.Services", "KoreanPostcodeAddressConverter.Services\KoreanPostcodeAddressConverter.Services.csproj", "{0DC76C65-C23A-457C-AF85-6833E45FEECE}"
EndProject
Project("{FAE04EC0-301F-11D3-BF4B-00C04F79EFBC}") = "KoreanPostcodeAddressConverter.Tests", "KoreanPostcodeAddressConverter.Tests\KoreanPostcodeAddressConverter.Tests.csproj", "{E8C22E7E-E9E1-4F7D-BC9F-44F61E5B707B}"
EndProject
Project("{FAE04EC0-301F-11D3-BF4B-00C04F79EFBC}") = "KoreanPostcodeAddressConverter.UpdaterServices", "KoreanPostcodeAddressConverter.UpdaterServices\KoreanPostcodeAddressConverter.UpdaterServices.csproj", "{5B0B1B2E-A49B-4C9F-B9C3-AB433B7EE99B}"
EndProject
Project("{FAE04EC0-301F-11D3-BF4B-00C04F79EFBC}") = "KoreanPostcodeAddressConverter.Web.UI", "KoreanPostcodeAddressConverter.Web.UI\KoreanPostcodeAddressConverter.Web.UI.csproj", "{A9E5CF79-5263-4D48-9B57-220F5FDD4701}"
EndProject
Project("{2150E333-8FDC-42A3-9474-1A3956D46DE8}") = "Configurations", "Configurations", "{8A9B81BA-D116-4BBE-8FDA-924ACB650314}"
	ProjectSection(SolutionItems) = preProject
		..\Documents\Configurations\App.config = ..\Documents\Configurations\App.config
	EndProjectSection
EndProject
Project("{2150E333-8FDC-42A3-9474-1A3956D46DE8}") = "Schemas", "Schemas", "{7A0F458E-3E64-4AB6-BF67-80A577F29537}"
EndProject
Project("{2150E333-8FDC-42A3-9474-1A3956D46DE8}") = "2013", "2013", "{6363D5F8-0279-4D07-978B-31BD01AD5518}"
EndProject
Project("{2150E333-8FDC-42A3-9474-1A3956D46DE8}") = "05", "05", "{8329C570-EC60-407D-BC38-6FD7AE1573BC}"
	ProjectSection(SolutionItems) = preProject
		..\Documents\Schemas\2013\05\lot-based-address.xsd = ..\Documents\Schemas\2013\05\lot-based-address.xsd
		..\Documents\Schemas\2013\05\street-based-address.xsd = ..\Documents\Schemas\2013\05\street-based-address.xsd
	EndProjectSection
EndProject
Project("{2150E333-8FDC-42A3-9474-1A3956D46DE8}") = "06", "06", "{B226544A-8D37-4420-A0C4-86744BEBB399}"
	ProjectSection(SolutionItems) = preProject
		..\Documents\Schemas\2013\06\street-based-address.xsd = ..\Documents\Schemas\2013\06\street-based-address.xsd
	EndProjectSection
EndProject
Project("{2150E333-8FDC-42A3-9474-1A3956D46DE8}") = "Databases", "Databases", "{0964D5C3-414A-45A1-B7B6-C4381F268D9C}"
	ProjectSection(SolutionItems) = preProject
		..\Documents\Databases\GenerateAddressTables.sql = ..\Documents\Databases\GenerateAddressTables.sql
	EndProjectSection
EndProject
Project("{2150E333-8FDC-42A3-9474-1A3956D46DE8}") = "Properties", "Properties", "{6DC301B6-74A9-4CB8-AEBE-F4D778D9D4C9}"
	ProjectSection(SolutionItems) = preProject
		..\Documents\Properties\SharedAssemblyInfo.cs = ..\Documents\Properties\SharedAssemblyInfo.cs
	EndProjectSection
EndProject
Global
	GlobalSection(TestCaseManagementSettings) = postSolution
		CategoryFile = KoreanPostcodeAddressConverter.vsmdi
	EndGlobalSection
	GlobalSection(SolutionConfigurationPlatforms) = preSolution
		Debug|Any CPU = Debug|Any CPU
		Debug|Mixed Platforms = Debug|Mixed Platforms
		Debug|x86 = Debug|x86
		Release|Any CPU = Release|Any CPU
		Release|Mixed Platforms = Release|Mixed Platforms
		Release|x86 = Release|x86
	EndGlobalSection
	GlobalSection(ProjectConfigurationPlatforms) = postSolution
		{DFA22695-BCB2-4EB2-9622-4E8AF93D7F62}.Debug|Any CPU.ActiveCfg = Debug|Any CPU
		{DFA22695-BCB2-4EB2-9622-4E8AF93D7F62}.Debug|Any CPU.Build.0 = Debug|Any CPU
		{DFA22695-BCB2-4EB2-9622-4E8AF93D7F62}.Debug|Mixed Platforms.ActiveCfg = Debug|Any CPU
		{DFA22695-BCB2-4EB2-9622-4E8AF93D7F62}.Debug|Mixed Platforms.Build.0 = Debug|Any CPU
		{DFA22695-BCB2-4EB2-9622-4E8AF93D7F62}.Debug|x86.ActiveCfg = Debug|Any CPU
		{DFA22695-BCB2-4EB2-9622-4E8AF93D7F62}.Release|Any CPU.ActiveCfg = Release|Any CPU
		{DFA22695-BCB2-4EB2-9622-4E8AF93D7F62}.Release|Any CPU.Build.0 = Release|Any CPU
		{DFA22695-BCB2-4EB2-9622-4E8AF93D7F62}.Release|Mixed Platforms.ActiveCfg = Release|Any CPU
		{DFA22695-BCB2-4EB2-9622-4E8AF93D7F62}.Release|Mixed Platforms.Build.0 = Release|Any CPU
		{DFA22695-BCB2-4EB2-9622-4E8AF93D7F62}.Release|x86.ActiveCfg = Release|Any CPU
		{FE56B5AC-6431-4919-9808-983F3F04A067}.Debug|Any CPU.ActiveCfg = Debug|x86
		{FE56B5AC-6431-4919-9808-983F3F04A067}.Debug|Mixed Platforms.ActiveCfg = Debug|x86
		{FE56B5AC-6431-4919-9808-983F3F04A067}.Debug|Mixed Platforms.Build.0 = Debug|x86
		{FE56B5AC-6431-4919-9808-983F3F04A067}.Debug|x86.ActiveCfg = Debug|x86
		{FE56B5AC-6431-4919-9808-983F3F04A067}.Debug|x86.Build.0 = Debug|x86
		{FE56B5AC-6431-4919-9808-983F3F04A067}.Release|Any CPU.ActiveCfg = Release|x86
		{FE56B5AC-6431-4919-9808-983F3F04A067}.Release|Mixed Platforms.ActiveCfg = Release|x86
		{FE56B5AC-6431-4919-9808-983F3F04A067}.Release|Mixed Platforms.Build.0 = Release|x86
		{FE56B5AC-6431-4919-9808-983F3F04A067}.Release|x86.ActiveCfg = Release|x86
		{FE56B5AC-6431-4919-9808-983F3F04A067}.Release|x86.Build.0 = Release|x86
		{0DC76C65-C23A-457C-AF85-6833E45FEECE}.Debug|Any CPU.ActiveCfg = Debug|Any CPU
		{0DC76C65-C23A-457C-AF85-6833E45FEECE}.Debug|Any CPU.Build.0 = Debug|Any CPU
		{0DC76C65-C23A-457C-AF85-6833E45FEECE}.Debug|Mixed Platforms.ActiveCfg = Debug|Any CPU
		{0DC76C65-C23A-457C-AF85-6833E45FEECE}.Debug|Mixed Platforms.Build.0 = Debug|Any CPU
		{0DC76C65-C23A-457C-AF85-6833E45FEECE}.Debug|x86.ActiveCfg = Debug|Any CPU
		{0DC76C65-C23A-457C-AF85-6833E45FEECE}.Release|Any CPU.ActiveCfg = Release|Any CPU
		{0DC76C65-C23A-457C-AF85-6833E45FEECE}.Release|Any CPU.Build.0 = Release|Any CPU
		{0DC76C65-C23A-457C-AF85-6833E45FEECE}.Release|Mixed Platforms.ActiveCfg = Release|Any CPU
		{0DC76C65-C23A-457C-AF85-6833E45FEECE}.Release|Mixed Platforms.Build.0 = Release|Any CPU
		{0DC76C65-C23A-457C-AF85-6833E45FEECE}.Release|x86.ActiveCfg = Release|Any CPU
		{E8C22E7E-E9E1-4F7D-BC9F-44F61E5B707B}.Debug|Any CPU.ActiveCfg = Debug|Any CPU
		{E8C22E7E-E9E1-4F7D-BC9F-44F61E5B707B}.Debug|Any CPU.Build.0 = Debug|Any CPU
		{E8C22E7E-E9E1-4F7D-BC9F-44F61E5B707B}.Debug|Mixed Platforms.ActiveCfg = Debug|Any CPU
		{E8C22E7E-E9E1-4F7D-BC9F-44F61E5B707B}.Debug|Mixed Platforms.Build.0 = Debug|Any CPU
		{E8C22E7E-E9E1-4F7D-BC9F-44F61E5B707B}.Debug|x86.ActiveCfg = Debug|Any CPU
		{E8C22E7E-E9E1-4F7D-BC9F-44F61E5B707B}.Release|Any CPU.ActiveCfg = Release|Any CPU
		{E8C22E7E-E9E1-4F7D-BC9F-44F61E5B707B}.Release|Any CPU.Build.0 = Release|Any CPU
		{E8C22E7E-E9E1-4F7D-BC9F-44F61E5B707B}.Release|Mixed Platforms.ActiveCfg = Release|Any CPU
		{E8C22E7E-E9E1-4F7D-BC9F-44F61E5B707B}.Release|Mixed Platforms.Build.0 = Release|Any CPU
		{E8C22E7E-E9E1-4F7D-BC9F-44F61E5B707B}.Release|x86.ActiveCfg = Release|Any CPU
		{5B0B1B2E-A49B-4C9F-B9C3-AB433B7EE99B}.Debug|Any CPU.ActiveCfg = Debug|Any CPU
		{5B0B1B2E-A49B-4C9F-B9C3-AB433B7EE99B}.Debug|Any CPU.Build.0 = Debug|Any CPU
		{5B0B1B2E-A49B-4C9F-B9C3-AB433B7EE99B}.Debug|Mixed Platforms.ActiveCfg = Debug|Any CPU
		{5B0B1B2E-A49B-4C9F-B9C3-AB433B7EE99B}.Debug|Mixed Platforms.Build.0 = Debug|Any CPU
		{5B0B1B2E-A49B-4C9F-B9C3-AB433B7EE99B}.Debug|x86.ActiveCfg = Debug|Any CPU
		{5B0B1B2E-A49B-4C9F-B9C3-AB433B7EE99B}.Release|Any CPU.ActiveCfg = Release|Any CPU
		{5B0B1B2E-A49B-4C9F-B9C3-AB433B7EE99B}.Release|Any CPU.Build.0 = Release|Any CPU
		{5B0B1B2E-A49B-4C9F-B9C3-AB433B7EE99B}.Release|Mixed Platforms.ActiveCfg = Release|Any CPU
		{5B0B1B2E-A49B-4C9F-B9C3-AB433B7EE99B}.Release|Mixed Platforms.Build.0 = Release|Any CPU
		{5B0B1B2E-A49B-4C9F-B9C3-AB433B7EE99B}.Release|x86.ActiveCfg = Release|Any CPU
		{A9E5CF79-5263-4D48-9B57-220F5FDD4701}.Debug|Any CPU.ActiveCfg = Debug|Any CPU
		{A9E5CF79-5263-4D48-9B57-220F5FDD4701}.Debug|Any CPU.Build.0 = Debug|Any CPU
		{A9E5CF79-5263-4D48-9B57-220F5FDD4701}.Debug|Mixed Platforms.ActiveCfg = Debug|Any CPU
		{A9E5CF79-5263-4D48-9B57-220F5FDD4701}.Debug|Mixed Platforms.Build.0 = Debug|Any CPU
		{A9E5CF79-5263-4D48-9B57-220F5FDD4701}.Debug|x86.ActiveCfg = Debug|Any CPU
		{A9E5CF79-5263-4D48-9B57-220F5FDD4701}.Release|Any CPU.ActiveCfg = Release|Any CPU
		{A9E5CF79-5263-4D48-9B57-220F5FDD4701}.Release|Any CPU.Build.0 = Release|Any CPU
		{A9E5CF79-5263-4D48-9B57-220F5FDD4701}.Release|Mixed Platforms.ActiveCfg = Release|Any CPU
		{A9E5CF79-5263-4D48-9B57-220F5FDD4701}.Release|Mixed Platforms.Build.0 = Release|Any CPU
		{A9E5CF79-5263-4D48-9B57-220F5FDD4701}.Release|x86.ActiveCfg = Release|Any CPU
	EndGlobalSection
	GlobalSection(SolutionProperties) = preSolution
		HideSolutionNode = FALSE
	EndGlobalSection
	GlobalSection(NestedProjects) = preSolution
		{6363D5F8-0279-4D07-978B-31BD01AD5518} = {7A0F458E-3E64-4AB6-BF67-80A577F29537}
		{8329C570-EC60-407D-BC38-6FD7AE1573BC} = {6363D5F8-0279-4D07-978B-31BD01AD5518}
		{B226544A-8D37-4420-A0C4-86744BEBB399} = {6363D5F8-0279-4D07-978B-31BD01AD5518}
	EndGlobalSection
EndGlobal
